
Microsoft Visual Studio Solution File, Format Version 12.00
# Visual Studio Version 17
VisualStudioVersion = 17.9.34728.123
MinimumVisualStudioVersion = 10.0.40219.1
Project("{FAE04EC0-301F-11D3-BF4B-00C04F79EFBC}") = "UsersWebAPI", "UsersWebAPI\UsersWebAPI.csproj", "{89F69F16-53EB-4702-AD14-10292749F99D}"
EndProject
Project("{FAE04EC0-301F-11D3-BF4B-00C04F79EFBC}") = "OrdersWebAPI", "OrdersWebAPI\OrdersWebAPI.csproj", "{45EE4B05-5BDE-4712-8A86-ACE7CE61C3C1}"
EndProject
Project("{FAE04EC0-301F-11D3-BF4B-00C04F79EFBC}") = "PaymentWebAPI", "PaymentWebAPI\PaymentWebAPI.csproj", "{55EA5CC3-5F71-4FCF-9D4B-BF72988AA768}"
EndProject
Global
	GlobalSection(SolutionConfigurationPlatforms) = preSolution
		Debug|Any CPU = Debug|Any CPU
		Release|Any CPU = Release|Any CPU
	EndGlobalSection
	GlobalSection(ProjectConfigurationPlatforms) = postSolution
		{89F69F16-53EB-4702-AD14-10292749F99D}.Debug|Any CPU.ActiveCfg = Debug|Any CPU
		{89F69F16-53EB-4702-AD14-10292749F99D}.Debug|Any CPU.Build.0 = Debug|Any CPU
		{89F69F16-53EB-4702-AD14-10292749F99D}.Release|Any CPU.ActiveCfg = Release|Any CPU
		{89F69F16-53EB-4702-AD14-10292749F99D}.Release|Any CPU.Build.0 = Release|Any CPU
		{45EE4B05-5BDE-4712-8A86-ACE7CE61C3C1}.Debug|Any CPU.ActiveCfg = Debug|Any CPU
		{45EE4B05-5BDE-4712-8A86-ACE7CE61C3C1}.Debug|Any CPU.Build.0 = Debug|Any CPU
		{45EE4B05-5BDE-4712-8A86-ACE7CE61C3C1}.Release|Any CPU.ActiveCfg = Release|Any CPU
		{45EE4B05-5BDE-4712-8A86-ACE7CE61C3C1}.Release|Any CPU.Build.0 = Release|Any CPU
		{55EA5CC3-5F71-4FCF-9D4B-BF72988AA768}.Debug|Any CPU.ActiveCfg = Debug|Any CPU
		{55EA5CC3-5F71-4FCF-9D4B-BF72988AA768}.Debug|Any CPU.Build.0 = Debug|Any CPU
		{55EA5CC3-5F71-4FCF-9D4B-BF72988AA768}.Release|Any CPU.ActiveCfg = Release|Any CPU
		{55EA5CC3-5F71-4FCF-9D4B-BF72988AA768}.Release|Any CPU.Build.0 = Release|Any CPU
	EndGlobalSection
	GlobalSection(SolutionProperties) = preSolution
		HideSolutionNode = FALSE
	EndGlobalSection
	GlobalSection(ExtensibilityGlobals) = postSolution
		SolutionGuid = {A241B357-6D30-4F48-BFFD-66AF77248E3F}
	EndGlobalSection
EndGlobal
